// !$*UTF8*$!
{
	archiveVersion = 1;
	classes = {
	};
	objectVersion = 50;
	objects = {

/* Begin PBXBuildFile section */
		49DBAB3A2122C328002F53D2 /* AppDelegate.m in Sources */ = {isa = PBXBuildFile; fileRef = 49DBAB392122C328002F53D2 /* AppDelegate.m */; };
		49DBAB3D2122C328002F53D2 /* ViewController.m in Sources */ = {isa = PBXBuildFile; fileRef = 49DBAB3C2122C328002F53D2 /* ViewController.m */; };
		49DBAB402122C328002F53D2 /* Main.storyboard in Resources */ = {isa = PBXBuildFile; fileRef = 49DBAB3E2122C328002F53D2 /* Main.storyboard */; };
		49DBAB422122C328002F53D2 /* Assets.xcassets in Resources */ = {isa = PBXBuildFile; fileRef = 49DBAB412122C328002F53D2 /* Assets.xcassets */; };
		49DBAB452122C328002F53D2 /* LaunchScreen.storyboard in Resources */ = {isa = PBXBuildFile; fileRef = 49DBAB432122C328002F53D2 /* LaunchScreen.storyboard */; };
		49DBAB482122C328002F53D2 /* main.m in Sources */ = {isa = PBXBuildFile; fileRef = 49DBAB472122C328002F53D2 /* main.m */; };
		49DBAB502122C858002F53D2 /* demoViewController.m in Sources */ = {isa = PBXBuildFile; fileRef = 49DBAB4F2122C858002F53D2 /* demoViewController.m */; };
		49DBAB532122CBE7002F53D2 /* naviTransAnimator.m in Sources */ = {isa = PBXBuildFile; fileRef = 49DBAB522122CBE7002F53D2 /* naviTransAnimator.m */; };
/* End PBXBuildFile section */

/* Begin PBXFileReference section */
		49DBAB352122C328002F53D2 /* naviTransOcDemo.app */ = {isa = PBXFileReference; explicitFileType = wrapper.application; includeInIndex = 0; path = naviTransOcDemo.app; sourceTree = BUILT_PRODUCTS_DIR; };
		49DBAB382122C328002F53D2 /* AppDelegate.h */ = {isa = PBXFileReference; lastKnownFileType = sourcecode.c.h; path = AppDelegate.h; sourceTree = "<group>"; };
		49DBAB392122C328002F53D2 /* AppDelegate.m */ = {isa = PBXFileReference; lastKnownFileType = sourcecode.c.objc; path = AppDelegate.m; sourceTree = "<group>"; };
		49DBAB3B2122C328002F53D2 /* ViewController.h */ = {isa = PBXFileReference; lastKnownFileType = sourcecode.c.h; path = ViewController.h; sourceTree = "<group>"; };
		49DBAB3C2122C328002F53D2 /* ViewController.m */ = {isa = PBXFileReference; lastKnownFileType = sourcecode.c.objc; path = ViewController.m; sourceTree = "<group>"; };
		49DBAB3F2122C328002F53D2 /* Base */ = {isa = PBXFileReference; lastKnownFileType = file.storyboard; name = Base; path = Base.lproj/Main.storyboard; sourceTree = "<group>"; };
		49DBAB412122C328002F53D2 /* Assets.xcassets */ = {isa = PBXFileReference; lastKnownFileType = folder.assetcatalog; path = Assets.xcassets; sourceTree = "<group>"; };
		49DBAB442122C328002F53D2 /* Base */ = {isa = PBXFileReference; lastKnownFileType = file.storyboard; name = Base; path = Base.lproj/LaunchScreen.storyboard; sourceTree = "<group>"; };
		49DBAB462122C328002F53D2 /* Info.plist */ = {isa = PBXFileReference; lastKnownFileType = text.plist.xml; path = Info.plist; sourceTree = "<group>"; };
		49DBAB472122C328002F53D2 /* main.m */ = {isa = PBXFileReference; lastKnownFileType = sourcecode.c.objc; path = main.m; sourceTree = "<group>"; };
		49DBAB4E2122C858002F53D2 /* demoViewController.h */ = {isa = PBXFileReference; lastKnownFileType = sourcecode.c.h; path = demoViewController.h; sourceTree = "<group>"; };
		49DBAB4F2122C858002F53D2 /* demoViewController.m */ = {isa = PBXFileReference; lastKnownFileType = sourcecode.c.objc; path = demoViewController.m; sourceTree = "<group>"; };
		49DBAB512122CBE7002F53D2 /* naviTransAnimator.h */ = {isa = PBXFileReference; lastKnownFileType = sourcecode.c.h; path = naviTransAnimator.h; sourceTree = "<group>"; };
		49DBAB522122CBE7002F53D2 /* naviTransAnimator.m */ = {isa = PBXFileReference; lastKnownFileType = sourcecode.c.objc; path = naviTransAnimator.m; sourceTree = "<group>"; };
/* End PBXFileReference section */

/* Begin PBXFrameworksBuildPhase section */
		49DBAB322122C328002F53D2 /* Frameworks */ = {
			isa = PBXFrameworksBuildPhase;
			buildActionMask = 2147483647;
			files = (
			);
			runOnlyForDeploymentPostprocessing = 0;
		};
/* End PBXFrameworksBuildPhase section */

/* Begin PBXGroup section */
		49DBAB2C2122C328002F53D2 = {
			isa = PBXGroup;
			children = (
				49DBAB372122C328002F53D2 /* naviTransOcDemo */,
				49DBAB362122C328002F53D2 /* Products */,
			);
			sourceTree = "<group>";
		};
		49DBAB362122C328002F53D2 /* Products */ = {
			isa = PBXGroup;
			children = (
				49DBAB352122C328002F53D2 /* naviTransOcDemo.app */,
			);
			name = Products;
			sourceTree = "<group>";
		};
		49DBAB372122C328002F53D2 /* naviTransOcDemo */ = {
			isa = PBXGroup;
			children = (
				49DBAB382122C328002F53D2 /* AppDelegate.h */,
				49DBAB392122C328002F53D2 /* AppDelegate.m */,
				49DBAB3B2122C328002F53D2 /* ViewController.h */,
				49DBAB3C2122C328002F53D2 /* ViewController.m */,
				49DBAB512122CBE7002F53D2 /* naviTransAnimator.h */,
				49DBAB522122CBE7002F53D2 /* naviTransAnimator.m */,
				49DBAB4E2122C858002F53D2 /* demoViewController.h */,
				49DBAB4F2122C858002F53D2 /* demoViewController.m */,
				49DBAB3E2122C328002F53D2 /* Main.storyboard */,
				49DBAB412122C328002F53D2 /* Assets.xcassets */,
				49DBAB432122C328002F53D2 /* LaunchScreen.storyboard */,
				49DBAB462122C328002F53D2 /* Info.plist */,
				49DBAB472122C328002F53D2 /* main.m */,
			);
			path = naviTransOcDemo;
			sourceTree = "<group>";
		};
/* End PBXGroup section */

/* Begin PBXNativeTarget section */
		49DBAB342122C328002F53D2 /* naviTransOcDemo */ = {
			isa = PBXNativeTarget;
			buildConfigurationList = 49DBAB4B2122C328002F53D2 /* Build configuration list for PBXNativeTarget "naviTransOcDemo" */;
			buildPhases = (
				49DBAB312122C328002F53D2 /* Sources */,
				49DBAB322122C328002F53D2 /* Frameworks */,
				49DBAB332122C328002F53D2 /* Resources */,
			);
			buildRules = (
			);
			dependencies = (
			);
			name = naviTransOcDemo;
			productName = naviTransOcDemo;
			productReference = 49DBAB352122C328002F53D2 /* naviTransOcDemo.app */;
			productType = "com.apple.product-type.application";
		};
/* End PBXNativeTarget section */

/* Begin PBXProject section */
		49DBAB2D2122C328002F53D2 /* Project object */ = {
			isa = PBXProject;
			attributes = {
				LastUpgradeCheck = 0930;
				ORGANIZATIONNAME = "best su";
				TargetAttributes = {
					49DBAB342122C328002F53D2 = {
						CreatedOnToolsVersion = 9.3;
					};
				};
			};
			buildConfigurationList = 49DBAB302122C328002F53D2 /* Build configuration list for PBXProject "naviTransOcDemo" */;
			compatibilityVersion = "Xcode 9.3";
			developmentRegion = en;
			hasScannedForEncodings = 0;
			knownRegions = (
				en,
				Base,
			);
			mainGroup = 49DBAB2C2122C328002F53D2;
			productRefGroup = 49DBAB362122C328002F53D2 /* Products */;
			projectDirPath = "";
			projectRoot = "";
			targets = (
				49DBAB342122C328002F53D2 /* naviTransOcDemo */,
			);
		};
/* End PBXProject section */

/* Begin PBXResourcesBuildPhase section */
		49DBAB332122C328002F53D2 /* Resources */ = {
			isa = PBXResourcesBuildPhase;
			buildActionMask = 2147483647;
			files = (
				49DBAB452122C328002F53D2 /* LaunchScreen.storyboard in Resources */,
				49DBAB422122C328002F53D2 /* Assets.xcassets in Resources */,
				49DBAB402122C328002F53D2 /* Main.storyboard in Resources */,
			);
			runOnlyForDeploymentPostprocessing = 0;
		};
/* End PBXResourcesBuildPhase section */

/* Begin PBXSourcesBuildPhase section */
		49DBAB312122C328002F53D2 /* Sources */ = {
			isa = PBXSourcesBuildPhase;
			buildActionMask = 2147483647;
			files = (
				49DBAB3D2122C328002F53D2 /* ViewController.m in Sources */,
				49DBAB482122C328002F53D2 /* main.m in Sources */,
				49DBAB532122CBE7002F53D2 /* naviTransAnimator.m in Sources */,
				49DBAB3A2122C328002F53D2 /* AppDelegate.m in Sources */,
				49DBAB502122C858002F53D2 /* demoViewController.m in Sources */,
			);
			runOnlyForDeploymentPostprocessing = 0;
		};
/* End PBXSourcesBuildPhase section */

/* Begin PBXVariantGroup section */
		49DBAB3E2122C328002F53D2 /* Main.storyboard */ = {
			isa = PBXVariantGroup;
			children = (
				49DBAB3F2122C328002F53D2 /* Base */,
			);
			name = Main.storyboard;
			sourceTree = "<group>";
		};
		49DBAB432122C328002F53D2 /* LaunchScreen.storyboard */ = {
			isa = PBXVariantGroup;
			children = (
				49DBAB442122C328002F53D2 /* Base */,
			);
			name = LaunchScreen.storyboard;
			sourceTree = "<group>";
		};
/* End PBXVariantGroup section */

/* Begin XCBuildConfiguration section */
		49DBAB492122C328002F53D2 /* Debug */ = {
			isa = XCBuildConfiguration;
			buildSettings = {
				ALWAYS_SEARCH_USER_PATHS = NO;
				CLANG_ANALYZER_NONNULL = YES;
				CLANG_ANALYZER_NUMBER_OBJECT_CONVERSION = YES_AGGRESSIVE;
				CLANG_CXX_LANGUAGE_STANDARD = "gnu++14";
				CLANG_CXX_LIBRARY = "libc++";
				CLANG_ENABLE_MODULES = YES;
				CLANG_ENABLE_OBJC_ARC = YES;
				CLANG_ENABLE_OBJC_WEAK = YES;
				CLANG_WARN_BLOCK_CAPTURE_AUTORELEASING = YES;
				CLANG_WARN_BOOL_CONVERSION = YES;
				CLANG_WARN_COMMA = YES;
				CLANG_WARN_CONSTANT_CONVERSION = YES;
				CLANG_WARN_DEPRECATED_OBJC_IMPLEMENTATIONS = YES;
				CLANG_WARN_DIRECT_OBJC_ISA_USAGE = YES_ERROR;
				CLANG_WARN_DOCUMENTATION_COMMENTS = YES;
				CLANG_WARN_EMPTY_BODY = YES;
				CLANG_WARN_ENUM_CONVERSION = YES;
				CLANG_WARN_INFINITE_RECURSION = YES;
				CLANG_WARN_INT_CONVERSION = YES;
				CLANG_WARN_NON_LITERAL_NULL_CONVERSION = YES;
				CLANG_WARN_OBJC_IMPLICIT_RETAIN_SELF = YES;
				CLANG_WARN_OBJC_LITERAL_CONVERSION = YES;
				CLANG_WARN_OBJC_ROOT_CLASS = YES_ERROR;
				CLANG_WARN_RANGE_LOOP_ANALYSIS = YES;
				CLANG_WARN_STRICT_PROTOTYPES = YES;
				CLANG_WARN_SUSPICIOUS_MOVE = YES;
				CLANG_WARN_UNGUARDED_AVAILABILITY = YES_AGGRESSIVE;
				CLANG_WARN_UNREACHABLE_CODE = YES;
				CLANG_WARN__DUPLICATE_METHOD_MATCH = YES;
				CODE_SIGN_IDENTITY = "iPhone Developer";
				COPY_PHASE_STRIP = NO;
				DEBUG_INFORMATION_FORMAT = dwarf;
				ENABLE_STRICT_OBJC_MSGSEND = YES;
				ENABLE_TESTABILITY = YES;
				GCC_C_LANGUAGE_STANDARD = gnu11;
				GCC_DYNAMIC_NO_PIC = NO;
				GCC_NO_COMMON_BLOCKS = YES;
				GCC_OPTIMIZATION_LEVEL = 0;
				GCC_PREPROCESSOR_DEFINITIONS = (
					"DEBUG=1",
					"$(inherited)",
				);
				GCC_WARN_64_TO_32_BIT_CONVERSION = YES;
				GCC_WARN_ABOUT_RETURN_TYPE = YES_ERROR;
				GCC_WARN_UNDECLARED_SELECTOR = YES;
				GCC_WARN_UNINITIALIZED_AUTOS = YES_AGGRESSIVE;
				GCC_WARN_UNUSED_FUNCTION = YES;
				GCC_WARN_UNUSED_VARIABLE = YES;
				IPHONEOS_DEPLOYMENT_TARGET = 11.3;
				MTL_ENABLE_DEBUG_INFO = YES;
				ONLY_ACTIVE_ARCH = YES;
				SDKROOT = iphoneos;
			};
			name = Debug;
		};
		49DBAB4A2122C328002F53D2 /* Release */ = {
			isa = XCBuildConfiguration;
			buildSettings = {
				ALWAYS_SEARCH_USER_PATHS = NO;
				CLANG_ANALYZER_NONNULL = YES;
				CLANG_ANALYZER_NUMBER_OBJECT_CONVERSION = YES_AGGRESSIVE;
				CLANG_CXX_LANGUAGE_STANDARD = "gnu++14";
				CLANG_CXX_LIBRARY = "libc++";
				CLANG_ENABLE_MODULES = YES;
				CLANG_ENABLE_OBJC_ARC = YES;
				CLANG_ENABLE_OBJC_WEAK = YES;
				CLANG_WARN_BLOCK_CAPTURE_AUTORELEASING = YES;
				CLANG_WARN_BOOL_CONVERSION = YES;
				CLANG_WARN_COMMA = YES;
				CLANG_WARN_CONSTANT_CONVERSION = YES;
				CLANG_WARN_DEPRECATED_OBJC_IMPLEMENTATIONS = YES;
				CLANG_WARN_DIRECT_OBJC_ISA_USAGE = YES_ERROR;
				CLANG_WARN_DOCUMENTATION_COMMENTS = YES;
				CLANG_WARN_EMPTY_BODY = YES;
				CLANG_WARN_ENUM_CONVERSION = YES;
				CLANG_WARN_INFINITE_RECURSION = YES;
				CLANG_WARN_INT_CONVERSION = YES;
				CLANG_WARN_NON_LITERAL_NULL_CONVERSION = YES;
				CLANG_WARN_OBJC_IMPLICIT_RETAIN_SELF = YES;
				CLANG_WARN_OBJC_LITERAL_CONVERSION = YES;
				CLANG_WARN_OBJC_ROOT_CLASS = YES_ERROR;
				CLANG_WARN_RANGE_LOOP_ANALYSIS = YES;
				CLANG_WARN_STRICT_PROTOTYPES = YES;
				CLANG_WARN_SUSPICIOUS_MOVE = YES;
				CLANG_WARN_UNGUARDED_AVAILABILITY = YES_AGGRESSIVE;
				CLANG_WARN_UNREACHABLE_CODE = YES;
				CLANG_WARN__DUPLICATE_METHOD_MATCH = YES;
				CODE_SIGN_IDENTITY = "iPhone Developer";
				COPY_PHASE_STRIP = NO;
				DEBUG_INFORMATION_FORMAT = "dwarf-with-dsym";
				ENABLE_NS_ASSERTIONS = NO;
				ENABLE_STRICT_OBJC_MSGSEND = YES;
				GCC_C_LANGUAGE_STANDARD = gnu11;
				GCC_NO_COMMON_BLOCKS = YES;
				GCC_WARN_64_TO_32_BIT_CONVERSION = YES;
				GCC_WARN_ABOUT_RETURN_TYPE = YES_ERROR;
				GCC_WARN_UNDECLARED_SELECTOR = YES;
				GCC_WARN_UNINITIALIZED_AUTOS = YES_AGGRESSIVE;
				GCC_WARN_UNUSED_FUNCTION = YES;
				GCC_WARN_UNUSED_VARIABLE = YES;
				IPHONEOS_DEPLOYMENT_TARGET = 11.3;
				MTL_ENABLE_DEBUG_INFO = NO;
				SDKROOT = iphoneos;
				VALIDATE_PRODUCT = YES;
			};
			name = Release;
		};
		49DBAB4C2122C328002F53D2 /* Debug */ = {
			isa = XCBuildConfiguration;
			buildSettings = {
				ASSETCATALOG_COMPILER_APPICON_NAME = AppIcon;
				CODE_SIGN_STYLE = Automatic;
				DEVELOPMENT_TEAM = NKTH3379KW;
				INFOPLIST_FILE = naviTransOcDemo/Info.plist;
				LD_RUNPATH_SEARCH_PATHS = (
					"$(inherited)",
					"@executable_path/Frameworks",
				);
				PRODUCT_BUNDLE_IDENTIFIER = com.su.naviTransOcDemo;
				PRODUCT_NAME = "$(TARGET_NAME)";
				TARGETED_DEVICE_FAMILY = "1,2";
			};
			name = Debug;
		};
		49DBAB4D2122C328002F53D2 /* Release */ = {
			isa = XCBuildConfiguration;
			buildSettings = {
				ASSETCATALOG_COMPILER_APPICON_NAME = AppIcon;
				CODE_SIGN_STYLE = Automatic;
				DEVELOPMENT_TEAM = NKTH3379KW;
				INFOPLIST_FILE = naviTransOcDemo/Info.plist;
				LD_RUNPATH_SEARCH_PATHS = (
					"$(inherited)",
					"@executable_path/Frameworks",
				);
				PRODUCT_BUNDLE_IDENTIFIER = com.su.naviTransOcDemo;
				PRODUCT_NAME = "$(TARGET_NAME)";
				TARGETED_DEVICE_FAMILY = "1,2";
			};
			name = Release;
		};
/* End XCBuildConfiguration section */

/* Begin XCConfigurationList section */
		49DBAB302122C328002F53D2 /* Build configuration list for PBXProject "naviTransOcDemo" */ = {
			isa = XCConfigurationList;
			buildConfigurations = (
				49DBAB492122C328002F53D2 /* Debug */,
				49DBAB4A2122C328002F53D2 /* Release */,
			);
			defaultConfigurationIsVisible = 0;
			defaultConfigurationName = Release;
		};
		49DBAB4B2122C328002F53D2 /* Build configuration list for PBXNativeTarget "naviTransOcDemo" */ = {
			isa = XCConfigurationList;
			buildConfigurations = (
				49DBAB4C2122C328002F53D2 /* Debug */,
				49DBAB4D2122C328002F53D2 /* Release */,
			);
			defaultConfigurationIsVisible = 0;
			defaultConfigurationName = Release;
		};
/* End XCConfigurationList section */
	};
	rootObject = 49DBAB2D2122C328002F53D2 /* Project object */;
}
